// !$*UTF8*$!
{
	archiveVersion = 1;
	classes = {
	};
	objectVersion = 52;
	objects = {

/* Begin PBXBuildFile section */
		1814D40B248C5058004420DE /* Fonts.swift in Sources */ = {isa = PBXBuildFile; fileRef = 1814D40A248C5058004420DE /* Fonts.swift */; };
		184FE15024BB00230094F2A0 /* MoviesListViewController.swift in Sources */ = {isa = PBXBuildFile; fileRef = 184FE14E24BB00230094F2A0 /* MoviesListViewController.swift */; };
		184FE15124BB00230094F2A0 /* MoviesListViewController.xib in Resources */ = {isa = PBXBuildFile; fileRef = 184FE14F24BB00230094F2A0 /* MoviesListViewController.xib */; };
		184FE15424BB0A460094F2A0 /* SimpleObservable.swift in Sources */ = {isa = PBXBuildFile; fileRef = 184FE15324BB0A450094F2A0 /* SimpleObservable.swift */; };
		18500E2E24BCDFAB006C1F35 /* AppCoordinator.swift in Sources */ = {isa = PBXBuildFile; fileRef = 18500E2D24BCDFAB006C1F35 /* AppCoordinator.swift */; };
		18500E3124BCE06D006C1F35 /* Navigator.swift in Sources */ = {isa = PBXBuildFile; fileRef = 18500E3024BCE06D006C1F35 /* Navigator.swift */; };
		18500E3324BCE0D2006C1F35 /* MoviesNavigator.swift in Sources */ = {isa = PBXBuildFile; fileRef = 18500E3224BCE0D2006C1F35 /* MoviesNavigator.swift */; };
		18500E3624BCEAD9006C1F35 /* Cosmos in Frameworks */ = {isa = PBXBuildFile; productRef = 18500E3524BCEAD9006C1F35 /* Cosmos */; };
		18500E3824BD048F006C1F35 /* SearchMoviesUseCase.swift in Sources */ = {isa = PBXBuildFile; fileRef = 18500E3724BD048F006C1F35 /* SearchMoviesUseCase.swift */; };
		18500E3A24BD0E10006C1F35 /* Dictionary.swift in Sources */ = {isa = PBXBuildFile; fileRef = 18500E3924BD0E10006C1F35 /* Dictionary.swift */; };
		18777EE2248C0F4D00A4CA60 /* Moya in Frameworks */ = {isa = PBXBuildFile; productRef = 18777EE1248C0F4D00A4CA60 /* Moya */; };
		18777F3A248C15D500A4CA60 /* StaticHeaderPlugin.swift in Sources */ = {isa = PBXBuildFile; fileRef = 18777F2D248C15D500A4CA60 /* StaticHeaderPlugin.swift */; };
		18777F3B248C15D500A4CA60 /* NetworkManager.swift in Sources */ = {isa = PBXBuildFile; fileRef = 18777F2E248C15D500A4CA60 /* NetworkManager.swift */; };
		18777F3C248C15D500A4CA60 /* NetworkDefaults.swift in Sources */ = {isa = PBXBuildFile; fileRef = 18777F2F248C15D500A4CA60 /* NetworkDefaults.swift */; };
		18777F3D248C15D500A4CA60 /* NetworkError.swift in Sources */ = {isa = PBXBuildFile; fileRef = 18777F30248C15D500A4CA60 /* NetworkError.swift */; };
		18777F45248C30B500A4CA60 /* Toast in Frameworks */ = {isa = PBXBuildFile; productRef = 18777F44248C30B500A4CA60 /* Toast */; };
		18777F4E248C32D800A4CA60 /* NoInternetView.xib in Resources */ = {isa = PBXBuildFile; fileRef = 18777F4A248C32D800A4CA60 /* NoInternetView.xib */; };
		18777F4F248C32D800A4CA60 /* NoInternetView.swift in Sources */ = {isa = PBXBuildFile; fileRef = 18777F4C248C32D800A4CA60 /* NoInternetView.swift */; };
		1893A46D248B151400EB063A /* KingfisherDynamic in Frameworks */ = {isa = PBXBuildFile; productRef = 1893A46C248B151400EB063A /* KingfisherDynamic */; };
		1893A46E248B151400EB063A /* KingfisherDynamic in Embed Frameworks */ = {isa = PBXBuildFile; productRef = 1893A46C248B151400EB063A /* KingfisherDynamic */; settings = {ATTRIBUTES = (CodeSignOnCopy, ); }; };
		1896D6BF248ABA4300E549BA /* UIColor+App.swift in Sources */ = {isa = PBXBuildFile; fileRef = 1896D6BE248ABA4300E549BA /* UIColor+App.swift */; };
		18A9D0D824C1DBEB0078DA89 /* UICollectionViewExtensions+SwifterSwift.swift in Sources */ = {isa = PBXBuildFile; fileRef = 18A9D0D724C1DBEB0078DA89 /* UICollectionViewExtensions+SwifterSwift.swift */; };
		18A9D0DB24C1DCFA0078DA89 /* SearchMoviesDataSource.swift in Sources */ = {isa = PBXBuildFile; fileRef = 18A9D0DA24C1DCFA0078DA89 /* SearchMoviesDataSource.swift */; };
		18A9D0DD24C1DD120078DA89 /* ListMoviesDataSource.swift in Sources */ = {isa = PBXBuildFile; fileRef = 18A9D0DC24C1DD120078DA89 /* ListMoviesDataSource.swift */; };
		18B0B22624897CF900DF800B /* Colors.xcassets in Resources */ = {isa = PBXBuildFile; fileRef = 18B0B21824897CF900DF800B /* Colors.xcassets */; };
		18B0B22724897CF900DF800B /* Images.xcassets in Resources */ = {isa = PBXBuildFile; fileRef = 18B0B21924897CF900DF800B /* Images.xcassets */; };
		18B0B22A24897CF900DF800B /* AppDelegate.swift in Sources */ = {isa = PBXBuildFile; fileRef = 18B0B21F24897CF900DF800B /* AppDelegate.swift */; };
		18B0B22B24897CF900DF800B /* SceneDelegate.swift in Sources */ = {isa = PBXBuildFile; fileRef = 18B0B22024897CF900DF800B /* SceneDelegate.swift */; };
		18B0B23524897DCC00DF800B /* AppManager.swift in Sources */ = {isa = PBXBuildFile; fileRef = 18B0B23424897DCB00DF800B /* AppManager.swift */; };
		18B0B24724897E3D00DF800B /* BaseViewController.swift in Sources */ = {isa = PBXBuildFile; fileRef = 18B0B23F24897E3D00DF800B /* BaseViewController.swift */; };
		18B0B24824897E3D00DF800B /* BaseViewProtocol.swift in Sources */ = {isa = PBXBuildFile; fileRef = 18B0B24024897E3D00DF800B /* BaseViewProtocol.swift */; };
		18B0B24A24897E3D00DF800B /* AppNavigationController.swift in Sources */ = {isa = PBXBuildFile; fileRef = 18B0B24224897E3D00DF800B /* AppNavigationController.swift */; };
		18B0B25124897E6300DF800B /* UIWindow+Transition.swift in Sources */ = {isa = PBXBuildFile; fileRef = 18B0B24C24897E6300DF800B /* UIWindow+Transition.swift */; };
		18B0B25224897E6300DF800B /* Result.swift in Sources */ = {isa = PBXBuildFile; fileRef = 18B0B24D24897E6300DF800B /* Result.swift */; };
		18B0B25324897E6300DF800B /* UICollecttionViewCell+Reusable.swift in Sources */ = {isa = PBXBuildFile; fileRef = 18B0B24E24897E6300DF800B /* UICollecttionViewCell+Reusable.swift */; };
		18B0B25424897E6300DF800B /* UIViewExtensions.swift in Sources */ = {isa = PBXBuildFile; fileRef = 18B0B24F24897E6300DF800B /* UIViewExtensions.swift */; };
		18B0B25C24897E7F00DF800B /* SplashViewController.swift in Sources */ = {isa = PBXBuildFile; fileRef = 18B0B25824897E7F00DF800B /* SplashViewController.swift */; };
		18B0B25D24897E7F00DF800B /* SplashViewController.xib in Resources */ = {isa = PBXBuildFile; fileRef = 18B0B25924897E7F00DF800B /* SplashViewController.xib */; };
		18B0B26424897EBC00DF800B /* Localizable.strings in Resources */ = {isa = PBXBuildFile; fileRef = 18B0B26024897EBC00DF800B /* Localizable.strings */; };
		18B0B26524897EBC00DF800B /* Localized.swift in Sources */ = {isa = PBXBuildFile; fileRef = 18B0B26224897EBC00DF800B /* Localized.swift */; };
		18B0B26624897EBC00DF800B /* Localized+Runtime.swift in Sources */ = {isa = PBXBuildFile; fileRef = 18B0B26324897EBC00DF800B /* Localized+Runtime.swift */; };
		18B0B26B248980BA00DF800B /* UIImageView+Essentials.swift in Sources */ = {isa = PBXBuildFile; fileRef = 18B0B269248980BA00DF800B /* UIImageView+Essentials.swift */; };
		18B0B26C248980BA00DF800B /* UIImage+Essentials.swift in Sources */ = {isa = PBXBuildFile; fileRef = 18B0B26A248980BA00DF800B /* UIImage+Essentials.swift */; };
		18B0B2702489827800DF800B /* Container.swift in Sources */ = {isa = PBXBuildFile; fileRef = 18B0B26F2489827800DF800B /* Container.swift */; };
		18B0B276248984C300DF800B /* LaunchScreen.storyboard in Resources */ = {isa = PBXBuildFile; fileRef = 18B0B275248984C300DF800B /* LaunchScreen.storyboard */; };
		18B0B27E2489BCA700DF800B /* ScaledFont.swift in Sources */ = {isa = PBXBuildFile; fileRef = 18B0B27B2489BCA700DF800B /* ScaledFont.swift */; };
		18B0B2812489BEF200DF800B /* EnglishStyle.plist in Resources */ = {isa = PBXBuildFile; fileRef = 18B0B2802489BEF200DF800B /* EnglishStyle.plist */; };
		18B0B2882489BEFA00DF800B /* SF-Pro-Text-Semibold.otf in Resources */ = {isa = PBXBuildFile; fileRef = 18B0B2822489BEFA00DF800B /* SF-Pro-Text-Semibold.otf */; };
		18B0B2892489BEFA00DF800B /* SF-Pro-Text-Medium.otf in Resources */ = {isa = PBXBuildFile; fileRef = 18B0B2832489BEFA00DF800B /* SF-Pro-Text-Medium.otf */; };
		18B0B28A2489BEFA00DF800B /* SF-Pro-Text-Bold.otf in Resources */ = {isa = PBXBuildFile; fileRef = 18B0B2842489BEFA00DF800B /* SF-Pro-Text-Bold.otf */; };
		18B0B28B2489BEFA00DF800B /* SF-Pro-Text-Light.otf in Resources */ = {isa = PBXBuildFile; fileRef = 18B0B2852489BEFA00DF800B /* SF-Pro-Text-Light.otf */; };
		18B0B28C2489BEFA00DF800B /* SF-Pro-Text-Regular.otf in Resources */ = {isa = PBXBuildFile; fileRef = 18B0B2862489BEFA00DF800B /* SF-Pro-Text-Regular.otf */; };
		18B0B28D2489BEFA00DF800B /* SF-Pro-Text-Thin.otf in Resources */ = {isa = PBXBuildFile; fileRef = 18B0B2872489BEFA00DF800B /* SF-Pro-Text-Thin.otf */; };
		18B0B2B42489D2DB00DF800B /* Apercu Bold.otf in Resources */ = {isa = PBXBuildFile; fileRef = 18B0B2A12489D2DB00DF800B /* Apercu Bold.otf */; };
		18B0B2D92489D94400DF800B /* Assets.swift in Sources */ = {isa = PBXBuildFile; fileRef = 18B0B2D82489D94400DF800B /* Assets.swift */; };
		18B0B2DB2489DCB000DF800B /* UIViewController.swift in Sources */ = {isa = PBXBuildFile; fileRef = 18B0B2DA2489DCB000DF800B /* UIViewController.swift */; };
		18B0B2DD2489E03300DF800B /* NavigationBar+Appearance.swift in Sources */ = {isa = PBXBuildFile; fileRef = 18B0B2DC2489E03300DF800B /* NavigationBar+Appearance.swift */; };
		18CC087124BB0D5000A13324 /* Bundle+Decodable.swift in Sources */ = {isa = PBXBuildFile; fileRef = 18CC087024BB0D5000A13324 /* Bundle+Decodable.swift */; };
		18CC087324BB0F3600A13324 /* movies.json in Resources */ = {isa = PBXBuildFile; fileRef = 18CC087224BB0F3600A13324 /* movies.json */; };
		18CC087724BB0F7900A13324 /* Movie.swift in Sources */ = {isa = PBXBuildFile; fileRef = 18CC087524BB0F7900A13324 /* Movie.swift */; };
		18CC087924BB12F800A13324 /* UITableViewExtensions+SwifterSwift.swift in Sources */ = {isa = PBXBuildFile; fileRef = 18CC087824BB12F800A13324 /* UITableViewExtensions+SwifterSwift.swift */; };
		18CC087D24BB134A00A13324 /* MovieCell.swift in Sources */ = {isa = PBXBuildFile; fileRef = 18CC087B24BB134A00A13324 /* MovieCell.swift */; };
		18CC087E24BB134A00A13324 /* MovieCell.xib in Resources */ = {isa = PBXBuildFile; fileRef = 18CC087C24BB134A00A13324 /* MovieCell.xib */; };
		18CC088824BB604100A13324 /* MoviesListViewModel.swift in Sources */ = {isa = PBXBuildFile; fileRef = 18CC088724BB604100A13324 /* MoviesListViewModel.swift */; };
		18CC088A24BB604F00A13324 /* MoviesListItemViewModel.swift in Sources */ = {isa = PBXBuildFile; fileRef = 18CC088924BB604F00A13324 /* MoviesListItemViewModel.swift */; };
		18CC088E24BB6A7900A13324 /* MoviesListUseCase.swift in Sources */ = {isa = PBXBuildFile; fileRef = 18CC088D24BB6A7900A13324 /* MoviesListUseCase.swift */; };
		18CC089424BB6B9F00A13324 /* MoviesRepository.swift in Sources */ = {isa = PBXBuildFile; fileRef = 18CC089324BB6B9F00A13324 /* MoviesRepository.swift */; };
		18CC089624BB6C8200A13324 /* DefaultMoviesRepository.swift in Sources */ = {isa = PBXBuildFile; fileRef = 18CC089524BB6C8200A13324 /* DefaultMoviesRepository.swift */; };
		18CC089C24BB6DDB00A13324 /* MoviesJSONDTO.swift in Sources */ = {isa = PBXBuildFile; fileRef = 18CC089B24BB6DDB00A13324 /* MoviesJSONDTO.swift */; };
		18CC089E24BB6F8500A13324 /* JSONMoviesResponseStorage.swift in Sources */ = {isa = PBXBuildFile; fileRef = 18CC089D24BB6F8500A13324 /* JSONMoviesResponseStorage.swift */; };
		18CC08A024BB709300A13324 /* MoviesResponseStorage.swift in Sources */ = {isa = PBXBuildFile; fileRef = 18CC089F24BB709300A13324 /* MoviesResponseStorage.swift */; };
		18CC08A824BB735A00A13324 /* Constants.swift in Sources */ = {isa = PBXBuildFile; fileRef = 18CC08A224BB735A00A13324 /* Constants.swift */; };
		18CC08A924BB735A00A13324 /* Environment.swift in Sources */ = {isa = PBXBuildFile; fileRef = 18CC08A324BB735A00A13324 /* Environment.swift */; };
		18CC08AA24BB735A00A13324 /* Debug.xcconfig in Resources */ = {isa = PBXBuildFile; fileRef = 18CC08A524BB735A00A13324 /* Debug.xcconfig */; };
		18CC08AB24BB735A00A13324 /* Release.xcconfig in Resources */ = {isa = PBXBuildFile; fileRef = 18CC08A624BB735A00A13324 /* Release.xcconfig */; };
		18CC08AC24BB735A00A13324 /* Base.xcconfig in Resources */ = {isa = PBXBuildFile; fileRef = 18CC08A724BB735A00A13324 /* Base.xcconfig */; };
		18F255A124C1D6680020A9BD /* MoviesDetailsViewController.swift in Sources */ = {isa = PBXBuildFile; fileRef = 18F255A024C1D6680020A9BD /* MoviesDetailsViewController.swift */; };
		18F255A824C1D6B30020A9BD /* NiblessViewController.swift in Sources */ = {isa = PBXBuildFile; fileRef = 18F255A724C1D6B30020A9BD /* NiblessViewController.swift */; };
		18F255AB24C1D7F80020A9BD /* MoviesDetailsViewModel.swift in Sources */ = {isa = PBXBuildFile; fileRef = 18F255AA24C1D7F80020A9BD /* MoviesDetailsViewModel.swift */; };
		18F255B024C1D9A70020A9BD /* MoviesDetailsHeaderCollectionViewCell.swift in Sources */ = {isa = PBXBuildFile; fileRef = 18F255AE24C1D9A70020A9BD /* MoviesDetailsHeaderCollectionViewCell.swift */; };
		18F255B124C1D9A70020A9BD /* MoviesDetailsHeaderCollectionViewCell.xib in Resources */ = {isa = PBXBuildFile; fileRef = 18F255AF24C1D9A70020A9BD /* MoviesDetailsHeaderCollectionViewCell.xib */; };
/* End PBXBuildFile section */

/* Begin PBXCopyFilesBuildPhase section */
		1893A46F248B151400EB063A /* Embed Frameworks */ = {
			isa = PBXCopyFilesBuildPhase;
			buildActionMask = 2147483647;
			dstPath = "";
			dstSubfolderSpec = 10;
			files = (
				1893A46E248B151400EB063A /* KingfisherDynamic in Embed Frameworks */,
			);
			name = "Embed Frameworks";
			runOnlyForDeploymentPostprocessing = 0;
		};
/* End PBXCopyFilesBuildPhase section */

/* Begin PBXFileReference section */
		1814D40A248C5058004420DE /* Fonts.swift */ = {isa = PBXFileReference; fileEncoding = 4; lastKnownFileType = sourcecode.swift; path = Fonts.swift; sourceTree = "<group>"; };
		184FE14E24BB00230094F2A0 /* MoviesListViewController.swift */ = {isa = PBXFileReference; lastKnownFileType = sourcecode.swift; path = MoviesListViewController.swift; sourceTree = "<group>"; };
		184FE14F24BB00230094F2A0 /* MoviesListViewController.xib */ = {isa = PBXFileReference; lastKnownFileType = file.xib; path = MoviesListViewController.xib; sourceTree = "<group>"; };
		184FE15324BB0A450094F2A0 /* SimpleObservable.swift */ = {isa = PBXFileReference; lastKnownFileType = sourcecode.swift; path = SimpleObservable.swift; sourceTree = "<group>"; };
		18500E2D24BCDFAB006C1F35 /* AppCoordinator.swift */ = {isa = PBXFileReference; lastKnownFileType = sourcecode.swift; path = AppCoordinator.swift; sourceTree = "<group>"; };
		18500E3024BCE06D006C1F35 /* Navigator.swift */ = {isa = PBXFileReference; fileEncoding = 4; lastKnownFileType = sourcecode.swift; path = Navigator.swift; sourceTree = "<group>"; };
		18500E3224BCE0D2006C1F35 /* MoviesNavigator.swift */ = {isa = PBXFileReference; fileEncoding = 4; lastKnownFileType = sourcecode.swift; path = MoviesNavigator.swift; sourceTree = "<group>"; };
		18500E3724BD048F006C1F35 /* SearchMoviesUseCase.swift */ = {isa = PBXFileReference; lastKnownFileType = sourcecode.swift; path = SearchMoviesUseCase.swift; sourceTree = "<group>"; };
		18500E3924BD0E10006C1F35 /* Dictionary.swift */ = {isa = PBXFileReference; lastKnownFileType = sourcecode.swift; path = Dictionary.swift; sourceTree = "<group>"; };
		18777F2D248C15D500A4CA60 /* StaticHeaderPlugin.swift */ = {isa = PBXFileReference; fileEncoding = 4; lastKnownFileType = sourcecode.swift; path = StaticHeaderPlugin.swift; sourceTree = "<group>"; };
		18777F2E248C15D500A4CA60 /* NetworkManager.swift */ = {isa = PBXFileReference; fileEncoding = 4; lastKnownFileType = sourcecode.swift; path = NetworkManager.swift; sourceTree = "<group>"; };
		18777F2F248C15D500A4CA60 /* NetworkDefaults.swift */ = {isa = PBXFileReference; fileEncoding = 4; lastKnownFileType = sourcecode.swift; path = NetworkDefaults.swift; sourceTree = "<group>"; };
		18777F30248C15D500A4CA60 /* NetworkError.swift */ = {isa = PBXFileReference; fileEncoding = 4; lastKnownFileType = sourcecode.swift; path = NetworkError.swift; sourceTree = "<group>"; };
		18777F4B248C32D800A4CA60 /* Base */ = {isa = PBXFileReference; lastKnownFileType = file.xib; name = Base; path = Base.lproj/NoInternetView.xib; sourceTree = "<group>"; };
		18777F4C248C32D800A4CA60 /* NoInternetView.swift */ = {isa = PBXFileReference; fileEncoding = 4; lastKnownFileType = sourcecode.swift; path = NoInternetView.swift; sourceTree = "<group>"; };
		1896D6BE248ABA4300E549BA /* UIColor+App.swift */ = {isa = PBXFileReference; lastKnownFileType = sourcecode.swift; path = "UIColor+App.swift"; sourceTree = "<group>"; };
		18A9D0D724C1DBEB0078DA89 /* UICollectionViewExtensions+SwifterSwift.swift */ = {isa = PBXFileReference; lastKnownFileType = sourcecode.swift; path = "UICollectionViewExtensions+SwifterSwift.swift"; sourceTree = "<group>"; };
		18A9D0DA24C1DCFA0078DA89 /* SearchMoviesDataSource.swift */ = {isa = PBXFileReference; lastKnownFileType = sourcecode.swift; path = SearchMoviesDataSource.swift; sourceTree = "<group>"; };
		18A9D0DC24C1DD120078DA89 /* ListMoviesDataSource.swift */ = {isa = PBXFileReference; lastKnownFileType = sourcecode.swift; path = ListMoviesDataSource.swift; sourceTree = "<group>"; };
		18B0B1F82489729300DF800B /* DecadeOfMovies.app */ = {isa = PBXFileReference; explicitFileType = wrapper.application; includeInIndex = 0; path = DecadeOfMovies.app; sourceTree = BUILT_PRODUCTS_DIR; };
		18B0B21824897CF900DF800B /* Colors.xcassets */ = {isa = PBXFileReference; lastKnownFileType = folder.assetcatalog; path = Colors.xcassets; sourceTree = "<group>"; };
		18B0B21924897CF900DF800B /* Images.xcassets */ = {isa = PBXFileReference; lastKnownFileType = folder.assetcatalog; path = Images.xcassets; sourceTree = "<group>"; };
		18B0B21F24897CF900DF800B /* AppDelegate.swift */ = {isa = PBXFileReference; fileEncoding = 4; lastKnownFileType = sourcecode.swift; path = AppDelegate.swift; sourceTree = "<group>"; };
		18B0B22024897CF900DF800B /* SceneDelegate.swift */ = {isa = PBXFileReference; fileEncoding = 4; lastKnownFileType = sourcecode.swift; path = SceneDelegate.swift; sourceTree = "<group>"; };
		18B0B22224897CF900DF800B /* Info.plist */ = {isa = PBXFileReference; fileEncoding = 4; lastKnownFileType = text.plist.xml; path = Info.plist; sourceTree = "<group>"; };
		18B0B23424897DCB00DF800B /* AppManager.swift */ = {isa = PBXFileReference; fileEncoding = 4; lastKnownFileType = sourcecode.swift; path = AppManager.swift; sourceTree = "<group>"; };
		18B0B23F24897E3D00DF800B /* BaseViewController.swift */ = {isa = PBXFileReference; fileEncoding = 4; lastKnownFileType = sourcecode.swift; path = BaseViewController.swift; sourceTree = "<group>"; };
		18B0B24024897E3D00DF800B /* BaseViewProtocol.swift */ = {isa = PBXFileReference; fileEncoding = 4; lastKnownFileType = sourcecode.swift; path = BaseViewProtocol.swift; sourceTree = "<group>"; };
		18B0B24224897E3D00DF800B /* AppNavigationController.swift */ = {isa = PBXFileReference; fileEncoding = 4; lastKnownFileType = sourcecode.swift; path = AppNavigationController.swift; sourceTree = "<group>"; };
		18B0B24C24897E6300DF800B /* UIWindow+Transition.swift */ = {isa = PBXFileReference; fileEncoding = 4; lastKnownFileType = sourcecode.swift; path = "UIWindow+Transition.swift"; sourceTree = "<group>"; };
		18B0B24D24897E6300DF800B /* Result.swift */ = {isa = PBXFileReference; fileEncoding = 4; lastKnownFileType = sourcecode.swift; path = Result.swift; sourceTree = "<group>"; };
		18B0B24E24897E6300DF800B /* UICollecttionViewCell+Reusable.swift */ = {isa = PBXFileReference; fileEncoding = 4; lastKnownFileType = sourcecode.swift; path = "UICollecttionViewCell+Reusable.swift"; sourceTree = "<group>"; };
		18B0B24F24897E6300DF800B /* UIViewExtensions.swift */ = {isa = PBXFileReference; fileEncoding = 4; lastKnownFileType = sourcecode.swift; path = UIViewExtensions.swift; sourceTree = "<group>"; };
		18B0B25824897E7F00DF800B /* SplashViewController.swift */ = {isa = PBXFileReference; fileEncoding = 4; lastKnownFileType = sourcecode.swift; path = SplashViewController.swift; sourceTree = "<group>"; };
		18B0B25924897E7F00DF800B /* SplashViewController.xib */ = {isa = PBXFileReference; fileEncoding = 4; lastKnownFileType = file.xib; path = SplashViewController.xib; sourceTree = "<group>"; };
		18B0B26124897EBC00DF800B /* en */ = {isa = PBXFileReference; lastKnownFileType = text.plist.strings; name = en; path = en.lproj/Localizable.strings; sourceTree = "<group>"; };
		18B0B26224897EBC00DF800B /* Localized.swift */ = {isa = PBXFileReference; fileEncoding = 4; lastKnownFileType = sourcecode.swift; path = Localized.swift; sourceTree = "<group>"; };
		18B0B26324897EBC00DF800B /* Localized+Runtime.swift */ = {isa = PBXFileReference; fileEncoding = 4; lastKnownFileType = sourcecode.swift; path = "Localized+Runtime.swift"; sourceTree = "<group>"; };
		18B0B269248980BA00DF800B /* UIImageView+Essentials.swift */ = {isa = PBXFileReference; fileEncoding = 4; lastKnownFileType = sourcecode.swift; path = "UIImageView+Essentials.swift"; sourceTree = "<group>"; };
		18B0B26A248980BA00DF800B /* UIImage+Essentials.swift */ = {isa = PBXFileReference; fileEncoding = 4; lastKnownFileType = sourcecode.swift; path = "UIImage+Essentials.swift"; sourceTree = "<group>"; };
		18B0B26F2489827800DF800B /* Container.swift */ = {isa = PBXFileReference; fileEncoding = 4; lastKnownFileType = sourcecode.swift; path = Container.swift; sourceTree = "<group>"; };
		18B0B275248984C300DF800B /* LaunchScreen.storyboard */ = {isa = PBXFileReference; lastKnownFileType = file.storyboard; path = LaunchScreen.storyboard; sourceTree = "<group>"; };
		18B0B27B2489BCA700DF800B /* ScaledFont.swift */ = {isa = PBXFileReference; fileEncoding = 4; lastKnownFileType = sourcecode.swift; path = ScaledFont.swift; sourceTree = "<group>"; };
		18B0B2802489BEF200DF800B /* EnglishStyle.plist */ = {isa = PBXFileReference; fileEncoding = 4; lastKnownFileType = text.plist.xml; path = EnglishStyle.plist; sourceTree = "<group>"; };
		18B0B2822489BEFA00DF800B /* SF-Pro-Text-Semibold.otf */ = {isa = PBXFileReference; lastKnownFileType = file; path = "SF-Pro-Text-Semibold.otf"; sourceTree = "<group>"; };
		18B0B2832489BEFA00DF800B /* SF-Pro-Text-Medium.otf */ = {isa = PBXFileReference; lastKnownFileType = file; path = "SF-Pro-Text-Medium.otf"; sourceTree = "<group>"; };
		18B0B2842489BEFA00DF800B /* SF-Pro-Text-Bold.otf */ = {isa = PBXFileReference; lastKnownFileType = file; path = "SF-Pro-Text-Bold.otf"; sourceTree = "<group>"; };
		18B0B2852489BEFA00DF800B /* SF-Pro-Text-Light.otf */ = {isa = PBXFileReference; lastKnownFileType = file; path = "SF-Pro-Text-Light.otf"; sourceTree = "<group>"; };
		18B0B2862489BEFA00DF800B /* SF-Pro-Text-Regular.otf */ = {isa = PBXFileReference; lastKnownFileType = file; path = "SF-Pro-Text-Regular.otf"; sourceTree = "<group>"; };
		18B0B2872489BEFA00DF800B /* SF-Pro-Text-Thin.otf */ = {isa = PBXFileReference; lastKnownFileType = file; path = "SF-Pro-Text-Thin.otf"; sourceTree = "<group>"; };
		18B0B2A12489D2DB00DF800B /* Apercu Bold.otf */ = {isa = PBXFileReference; lastKnownFileType = file; path = "Apercu Bold.otf"; sourceTree = "<group>"; };
		18B0B2D82489D94400DF800B /* Assets.swift */ = {isa = PBXFileReference; fileEncoding = 4; lastKnownFileType = sourcecode.swift; path = Assets.swift; sourceTree = "<group>"; };
		18B0B2DA2489DCB000DF800B /* UIViewController.swift */ = {isa = PBXFileReference; fileEncoding = 4; lastKnownFileType = sourcecode.swift; path = UIViewController.swift; sourceTree = "<group>"; };
		18B0B2DC2489E03300DF800B /* NavigationBar+Appearance.swift */ = {isa = PBXFileReference; fileEncoding = 4; lastKnownFileType = sourcecode.swift; path = "NavigationBar+Appearance.swift"; sourceTree = "<group>"; };
		18CC087024BB0D5000A13324 /* Bundle+Decodable.swift */ = {isa = PBXFileReference; lastKnownFileType = sourcecode.swift; path = "Bundle+Decodable.swift"; sourceTree = "<group>"; };
		18CC087224BB0F3600A13324 /* movies.json */ = {isa = PBXFileReference; fileEncoding = 4; lastKnownFileType = text.json; path = movies.json; sourceTree = "<group>"; };
		18CC087524BB0F7900A13324 /* Movie.swift */ = {isa = PBXFileReference; fileEncoding = 4; lastKnownFileType = sourcecode.swift; path = Movie.swift; sourceTree = "<group>"; };
		18CC087824BB12F800A13324 /* UITableViewExtensions+SwifterSwift.swift */ = {isa = PBXFileReference; fileEncoding = 4; lastKnownFileType = sourcecode.swift; path = "UITableViewExtensions+SwifterSwift.swift"; sourceTree = "<group>"; };
		18CC087B24BB134A00A13324 /* MovieCell.swift */ = {isa = PBXFileReference; lastKnownFileType = sourcecode.swift; path = MovieCell.swift; sourceTree = "<group>"; };
		18CC087C24BB134A00A13324 /* MovieCell.xib */ = {isa = PBXFileReference; lastKnownFileType = file.xib; path = MovieCell.xib; sourceTree = "<group>"; };
		18CC088724BB604100A13324 /* MoviesListViewModel.swift */ = {isa = PBXFileReference; lastKnownFileType = sourcecode.swift; path = MoviesListViewModel.swift; sourceTree = "<group>"; };
		18CC088924BB604F00A13324 /* MoviesListItemViewModel.swift */ = {isa = PBXFileReference; lastKnownFileType = sourcecode.swift; path = MoviesListItemViewModel.swift; sourceTree = "<group>"; };
		18CC088D24BB6A7900A13324 /* MoviesListUseCase.swift */ = {isa = PBXFileReference; lastKnownFileType = sourcecode.swift; path = MoviesListUseCase.swift; sourceTree = "<group>"; };
		18CC089324BB6B9F00A13324 /* MoviesRepository.swift */ = {isa = PBXFileReference; lastKnownFileType = sourcecode.swift; path = MoviesRepository.swift; sourceTree = "<group>"; };
		18CC089524BB6C8200A13324 /* DefaultMoviesRepository.swift */ = {isa = PBXFileReference; lastKnownFileType = sourcecode.swift; path = DefaultMoviesRepository.swift; sourceTree = "<group>"; };
		18CC089B24BB6DDB00A13324 /* MoviesJSONDTO.swift */ = {isa = PBXFileReference; lastKnownFileType = sourcecode.swift; path = MoviesJSONDTO.swift; sourceTree = "<group>"; };
		18CC089D24BB6F8500A13324 /* JSONMoviesResponseStorage.swift */ = {isa = PBXFileReference; lastKnownFileType = sourcecode.swift; path = JSONMoviesResponseStorage.swift; sourceTree = "<group>"; };
		18CC089F24BB709300A13324 /* MoviesResponseStorage.swift */ = {isa = PBXFileReference; fileEncoding = 4; lastKnownFileType = sourcecode.swift; path = MoviesResponseStorage.swift; sourceTree = "<group>"; };
		18CC08A224BB735A00A13324 /* Constants.swift */ = {isa = PBXFileReference; fileEncoding = 4; lastKnownFileType = sourcecode.swift; path = Constants.swift; sourceTree = "<group>"; };
		18CC08A324BB735A00A13324 /* Environment.swift */ = {isa = PBXFileReference; fileEncoding = 4; lastKnownFileType = sourcecode.swift; path = Environment.swift; sourceTree = "<group>"; };
		18CC08A524BB735A00A13324 /* Debug.xcconfig */ = {isa = PBXFileReference; fileEncoding = 4; lastKnownFileType = text.xcconfig; path = Debug.xcconfig; sourceTree = "<group>"; };
		18CC08A624BB735A00A13324 /* Release.xcconfig */ = {isa = PBXFileReference; fileEncoding = 4; lastKnownFileType = text.xcconfig; path = Release.xcconfig; sourceTree = "<group>"; };
		18CC08A724BB735A00A13324 /* Base.xcconfig */ = {isa = PBXFileReference; fileEncoding = 4; lastKnownFileType = text.xcconfig; path = Base.xcconfig; sourceTree = "<group>"; };
		18F255A024C1D6680020A9BD /* MoviesDetailsViewController.swift */ = {isa = PBXFileReference; lastKnownFileType = sourcecode.swift; path = MoviesDetailsViewController.swift; sourceTree = "<group>"; };
		18F255A724C1D6B30020A9BD /* NiblessViewController.swift */ = {isa = PBXFileReference; lastKnownFileType = sourcecode.swift; path = NiblessViewController.swift; sourceTree = "<group>"; };
		18F255AA24C1D7F80020A9BD /* MoviesDetailsViewModel.swift */ = {isa = PBXFileReference; lastKnownFileType = sourcecode.swift; path = MoviesDetailsViewModel.swift; sourceTree = "<group>"; };
		18F255AE24C1D9A70020A9BD /* MoviesDetailsHeaderCollectionViewCell.swift */ = {isa = PBXFileReference; lastKnownFileType = sourcecode.swift; path = MoviesDetailsHeaderCollectionViewCell.swift; sourceTree = "<group>"; };
		18F255AF24C1D9A70020A9BD /* MoviesDetailsHeaderCollectionViewCell.xib */ = {isa = PBXFileReference; lastKnownFileType = file.xib; path = MoviesDetailsHeaderCollectionViewCell.xib; sourceTree = "<group>"; };
/* End PBXFileReference section */

/* Begin PBXFrameworksBuildPhase section */
		18B0B1F52489729300DF800B /* Frameworks */ = {
			isa = PBXFrameworksBuildPhase;
			buildActionMask = 2147483647;
			files = (
				18777F45248C30B500A4CA60 /* Toast in Frameworks */,
				18777EE2248C0F4D00A4CA60 /* Moya in Frameworks */,
				18500E3624BCEAD9006C1F35 /* Cosmos in Frameworks */,
				1893A46D248B151400EB063A /* KingfisherDynamic in Frameworks */,
			);
			runOnlyForDeploymentPostprocessing = 0;
		};
/* End PBXFrameworksBuildPhase section */

/* Begin PBXGroup section */
		184FE14D24BAFFFF0094F2A0 /* MoviesList */ = {
			isa = PBXGroup;
			children = (
				18CC088624BB601F00A13324 /* ViewModel */,
				18CC088524BB601900A13324 /* View */,
			);
			path = MoviesList;
			sourceTree = "<group>";
		};
		184FE15224BB0A070094F2A0 /* Utility */ = {
			isa = PBXGroup;
			children = (
				184FE15324BB0A450094F2A0 /* SimpleObservable.swift */,
				18CC087024BB0D5000A13324 /* Bundle+Decodable.swift */,
			);
			path = Utility;
			sourceTree = "<group>";
		};
		18500E2C24BCDF9C006C1F35 /* Coordinator */ = {
			isa = PBXGroup;
			children = (
				18500E2D24BCDFAB006C1F35 /* AppCoordinator.swift */,
				18500E2F24BCDFDB006C1F35 /* Navigators */,
			);
			path = Coordinator;
			sourceTree = "<group>";
		};
		18500E2F24BCDFDB006C1F35 /* Navigators */ = {
			isa = PBXGroup;
			children = (
				18500E3224BCE0D2006C1F35 /* MoviesNavigator.swift */,
				18500E3024BCE06D006C1F35 /* Navigator.swift */,
			);
			path = Navigators;
			sourceTree = "<group>";
		};
		18777F2B248C15D500A4CA60 /* Networking */ = {
			isa = PBXGroup;
			children = (
				18777F2C248C15D500A4CA60 /* Core */,
				18777F31248C15D500A4CA60 /* BaseModel */,
				18777F33248C15D500A4CA60 /* Modules */,
			);
			path = Networking;
			sourceTree = "<group>";
		};
		18777F2C248C15D500A4CA60 /* Core */ = {
			isa = PBXGroup;
			children = (
				18777F2D248C15D500A4CA60 /* StaticHeaderPlugin.swift */,
				18777F2E248C15D500A4CA60 /* NetworkManager.swift */,
				18777F2F248C15D500A4CA60 /* NetworkDefaults.swift */,
				18777F30248C15D500A4CA60 /* NetworkError.swift */,
			);
			path = Core;
			sourceTree = "<group>";
		};
		18777F31248C15D500A4CA60 /* BaseModel */ = {
			isa = PBXGroup;
			children = (
			);
			path = BaseModel;
			sourceTree = "<group>";
		};
		18777F33248C15D500A4CA60 /* Modules */ = {
			isa = PBXGroup;
			children = (
			);
			path = Modules;
			sourceTree = "<group>";
		};
		18777F46248C32D800A4CA60 /* No Internet view */ = {
			isa = PBXGroup;
			children = (
				18777F4A248C32D800A4CA60 /* NoInternetView.xib */,
				18777F4C248C32D800A4CA60 /* NoInternetView.swift */,
			);
			path = "No Internet view";
			sourceTree = "<group>";
		};
		18777F50248C32DC00A4CA60 /* Views */ = {
			isa = PBXGroup;
			children = (
				18777F46248C32D800A4CA60 /* No Internet view */,
			);
			path = Views;
			sourceTree = "<group>";
		};
		18A9D0D924C1DCED0078DA89 /* DataSource */ = {
			isa = PBXGroup;
			children = (
				18A9D0DA24C1DCFA0078DA89 /* SearchMoviesDataSource.swift */,
				18A9D0DC24C1DD120078DA89 /* ListMoviesDataSource.swift */,
			);
			path = DataSource;
			sourceTree = "<group>";
		};
		18B0B1EF2489729300DF800B = {
			isa = PBXGroup;
			children = (
				18B0B20F24897CF900DF800B /* DecadeOfMovies */,
				18B0B1F92489729300DF800B /* Products */,
			);
			sourceTree = "<group>";
		};
		18B0B1F92489729300DF800B /* Products */ = {
			isa = PBXGroup;
			children = (
				18B0B1F82489729300DF800B /* DecadeOfMovies.app */,
			);
			name = Products;
			sourceTree = "<group>";
		};
		18B0B20F24897CF900DF800B /* DecadeOfMovies */ = {
			isa = PBXGroup;
			children = (
				18F255A524C1D69F0020A9BD /* Reusable */,
				18500E2C24BCDF9C006C1F35 /* Coordinator */,
				18B0B23624897E3D00DF800B /* AppClasses */,
				18B0B21E24897CF900DF800B /* Application */,
				18CC08A124BB735A00A13324 /* Configurations */,
				18CC088124BB5F2E00A13324 /* Data */,
				18CC088024BB5F2500A13324 /* Domain */,
				18B0B24B24897E6300DF800B /* Extensions */,
				18CC087F24BB5F1700A13324 /* Presentation */,
				18B0B21524897CF900DF800B /* Resources */,
				18B0B26E2489827800DF800B /* Services */,
				18B0B22124897CF900DF800B /* SupportingFiles */,
				18B0B21024897CF900DF800B /* UI */,
				184FE15224BB0A070094F2A0 /* Utility */,
				18777F50248C32DC00A4CA60 /* Views */,
			);
			path = DecadeOfMovies;
			sourceTree = "<group>";
		};
		18B0B21024897CF900DF800B /* UI */ = {
			isa = PBXGroup;
			children = (
				18B0B25624897E7F00DF800B /* LaunchScreen */,
			);
			path = UI;
			sourceTree = "<group>";
		};
		18B0B21524897CF900DF800B /* Resources */ = {
			isa = PBXGroup;
			children = (
				18CC087224BB0F3600A13324 /* movies.json */,
				18B0B25F24897EBC00DF800B /* Localization */,
				18B0B21624897CF900DF800B /* Fonts */,
				18B0B21724897CF900DF800B /* Assets */,
			);
			path = Resources;
			sourceTree = "<group>";
		};
		18B0B21624897CF900DF800B /* Fonts */ = {
			isa = PBXGroup;
			children = (
				18B0B2802489BEF200DF800B /* EnglishStyle.plist */,
				1814D40A248C5058004420DE /* Fonts.swift */,
				18B0B27B2489BCA700DF800B /* ScaledFont.swift */,
				18B0B28E2489D2DB00DF800B /* Apercu-Font */,
				18B0B27F2489BE9E00DF800B /* SFProText */,
			);
			path = Fonts;
			sourceTree = "<group>";
		};
		18B0B21724897CF900DF800B /* Assets */ = {
			isa = PBXGroup;
			children = (
				18B0B2D82489D94400DF800B /* Assets.swift */,
				18B0B21824897CF900DF800B /* Colors.xcassets */,
				18B0B21924897CF900DF800B /* Images.xcassets */,
				1896D6BE248ABA4300E549BA /* UIColor+App.swift */,
			);
			path = Assets;
			sourceTree = "<group>";
		};
		18B0B21E24897CF900DF800B /* Application */ = {
			isa = PBXGroup;
			children = (
				18B0B23424897DCB00DF800B /* AppManager.swift */,
				18B0B21F24897CF900DF800B /* AppDelegate.swift */,
				18B0B22024897CF900DF800B /* SceneDelegate.swift */,
			);
			path = Application;
			sourceTree = "<group>";
		};
		18B0B22124897CF900DF800B /* SupportingFiles */ = {
			isa = PBXGroup;
			children = (
				18B0B22224897CF900DF800B /* Info.plist */,
			);
			path = SupportingFiles;
			sourceTree = "<group>";
		};
		18B0B23624897E3D00DF800B /* AppClasses */ = {
			isa = PBXGroup;
			children = (
				18B0B23724897E3D00DF800B /* Bases */,
				18B0B26D2489821A00DF800B /* ViewControllers */,
			);
			path = AppClasses;
			sourceTree = "<group>";
		};
		18B0B23724897E3D00DF800B /* Bases */ = {
			isa = PBXGroup;
			children = (
				18B0B23E24897E3D00DF800B /* Views */,
			);
			path = Bases;
			sourceTree = "<group>";
		};
		18B0B23E24897E3D00DF800B /* Views */ = {
			isa = PBXGroup;
			children = (
				18B0B23F24897E3D00DF800B /* BaseViewController.swift */,
				18B0B24024897E3D00DF800B /* BaseViewProtocol.swift */,
			);
			path = Views;
			sourceTree = "<group>";
		};
		18B0B24B24897E6300DF800B /* Extensions */ = {
			isa = PBXGroup;
			children = (
				18CC087824BB12F800A13324 /* UITableViewExtensions+SwifterSwift.swift */,
				18B0B2DC2489E03300DF800B /* NavigationBar+Appearance.swift */,
				18B0B2DA2489DCB000DF800B /* UIViewController.swift */,
				18B0B26A248980BA00DF800B /* UIImage+Essentials.swift */,
				18B0B269248980BA00DF800B /* UIImageView+Essentials.swift */,
				18B0B24C24897E6300DF800B /* UIWindow+Transition.swift */,
				18B0B24D24897E6300DF800B /* Result.swift */,
				18B0B24E24897E6300DF800B /* UICollecttionViewCell+Reusable.swift */,
				18B0B24F24897E6300DF800B /* UIViewExtensions.swift */,
				18500E3924BD0E10006C1F35 /* Dictionary.swift */,
				18A9D0D724C1DBEB0078DA89 /* UICollectionViewExtensions+SwifterSwift.swift */,
			);
			path = Extensions;
			sourceTree = "<group>";
		};
		18B0B25624897E7F00DF800B /* LaunchScreen */ = {
			isa = PBXGroup;
			children = (
				18B0B275248984C300DF800B /* LaunchScreen.storyboard */,
				18B0B25724897E7F00DF800B /* CustomSplash */,
			);
			path = LaunchScreen;
			sourceTree = "<group>";
		};
		18B0B25724897E7F00DF800B /* CustomSplash */ = {
			isa = PBXGroup;
			children = (
				18B0B25824897E7F00DF800B /* SplashViewController.swift */,
				18B0B25924897E7F00DF800B /* SplashViewController.xib */,
			);
			path = CustomSplash;
			sourceTree = "<group>";
		};
		18B0B25F24897EBC00DF800B /* Localization */ = {
			isa = PBXGroup;
			children = (
				18B0B26024897EBC00DF800B /* Localizable.strings */,
				18B0B26224897EBC00DF800B /* Localized.swift */,
				18B0B26324897EBC00DF800B /* Localized+Runtime.swift */,
			);
			path = Localization;
			sourceTree = "<group>";
		};
		18B0B26D2489821A00DF800B /* ViewControllers */ = {
			isa = PBXGroup;
			children = (
				18B0B24224897E3D00DF800B /* AppNavigationController.swift */,
			);
			path = ViewControllers;
			sourceTree = "<group>";
		};
		18B0B26E2489827800DF800B /* Services */ = {
			isa = PBXGroup;
			children = (
				18777F2B248C15D500A4CA60 /* Networking */,
				18B0B26F2489827800DF800B /* Container.swift */,
			);
			path = Services;
			sourceTree = "<group>";
		};
		18B0B27F2489BE9E00DF800B /* SFProText */ = {
			isa = PBXGroup;
			children = (
				18B0B2842489BEFA00DF800B /* SF-Pro-Text-Bold.otf */,
				18B0B2852489BEFA00DF800B /* SF-Pro-Text-Light.otf */,
				18B0B2832489BEFA00DF800B /* SF-Pro-Text-Medium.otf */,
				18B0B2862489BEFA00DF800B /* SF-Pro-Text-Regular.otf */,
				18B0B2822489BEFA00DF800B /* SF-Pro-Text-Semibold.otf */,
				18B0B2872489BEFA00DF800B /* SF-Pro-Text-Thin.otf */,
			);
			path = SFProText;
			sourceTree = "<group>";
		};
		18B0B28E2489D2DB00DF800B /* Apercu-Font */ = {
			isa = PBXGroup;
			children = (
				18B0B2A12489D2DB00DF800B /* Apercu Bold.otf */,
			);
			path = "Apercu-Font";
			sourceTree = "<group>";
		};
		18B0B2B52489D66B00DF800B /* Movies */ = {
			isa = PBXGroup;
			children = (
				18F2559F24C1D5DB0020A9BD /* MoviesDetails */,
				184FE14D24BAFFFF0094F2A0 /* MoviesList */,
			);
			path = Movies;
			sourceTree = "<group>";
		};
		18CC087A24BB132500A13324 /* Cells */ = {
			isa = PBXGroup;
			children = (
				18CC087B24BB134A00A13324 /* MovieCell.swift */,
				18CC087C24BB134A00A13324 /* MovieCell.xib */,
			);
			path = Cells;
			sourceTree = "<group>";
		};
		18CC087F24BB5F1700A13324 /* Presentation */ = {
			isa = PBXGroup;
			children = (
				18B0B2B52489D66B00DF800B /* Movies */,
			);
			path = Presentation;
			sourceTree = "<group>";
		};
		18CC088024BB5F2500A13324 /* Domain */ = {
			isa = PBXGroup;
			children = (
				18CC089124BB6B7C00A13324 /* Interfaces */,
				18CC088C24BB6A6300A13324 /* UseCases */,
				18CC088B24BB6A2600A13324 /* Entities */,
			);
			path = Domain;
			sourceTree = "<group>";
		};
		18CC088124BB5F2E00A13324 /* Data */ = {
			isa = PBXGroup;
			children = (
				18CC089724BB6D4000A13324 /* PersistentStorages */,
				18CC088324BB5FC500A13324 /* Remote */,
				18CC088224BB5F4C00A13324 /* Repositories */,
			);
			path = Data;
			sourceTree = "<group>";
		};
		18CC088224BB5F4C00A13324 /* Repositories */ = {
			isa = PBXGroup;
			children = (
				18CC089524BB6C8200A13324 /* DefaultMoviesRepository.swift */,
			);
			path = Repositories;
			sourceTree = "<group>";
		};
		18CC088324BB5FC500A13324 /* Remote */ = {
			isa = PBXGroup;
			children = (
			);
			path = Remote;
			sourceTree = "<group>";
		};
		18CC088524BB601900A13324 /* View */ = {
			isa = PBXGroup;
			children = (
				18A9D0D924C1DCED0078DA89 /* DataSource */,
				18CC087A24BB132500A13324 /* Cells */,
				184FE14E24BB00230094F2A0 /* MoviesListViewController.swift */,
				184FE14F24BB00230094F2A0 /* MoviesListViewController.xib */,
			);
			path = View;
			sourceTree = "<group>";
		};
		18CC088624BB601F00A13324 /* ViewModel */ = {
			isa = PBXGroup;
			children = (
				18CC088724BB604100A13324 /* MoviesListViewModel.swift */,
				18CC088924BB604F00A13324 /* MoviesListItemViewModel.swift */,
			);
			path = ViewModel;
			sourceTree = "<group>";
		};
		18CC088B24BB6A2600A13324 /* Entities */ = {
			isa = PBXGroup;
			children = (
				18CC087524BB0F7900A13324 /* Movie.swift */,
			);
			path = Entities;
			sourceTree = "<group>";
		};
		18CC088C24BB6A6300A13324 /* UseCases */ = {
			isa = PBXGroup;
			children = (
				18CC088D24BB6A7900A13324 /* MoviesListUseCase.swift */,
				18500E3724BD048F006C1F35 /* SearchMoviesUseCase.swift */,
			);
			path = UseCases;
			sourceTree = "<group>";
		};
		18CC089124BB6B7C00A13324 /* Interfaces */ = {
			isa = PBXGroup;
			children = (
				18CC089224BB6B8800A13324 /* Repositories */,
			);
			path = Interfaces;
			sourceTree = "<group>";
		};
		18CC089224BB6B8800A13324 /* Repositories */ = {
			isa = PBXGroup;
			children = (
				18CC089324BB6B9F00A13324 /* MoviesRepository.swift */,
			);
			path = Repositories;
			sourceTree = "<group>";
		};
		18CC089724BB6D4000A13324 /* PersistentStorages */ = {
			isa = PBXGroup;
			children = (
				18CC089824BB6D6F00A13324 /* MoviesResponseStorage */,
			);
			path = PersistentStorages;
			sourceTree = "<group>";
		};
		18CC089824BB6D6F00A13324 /* MoviesResponseStorage */ = {
			isa = PBXGroup;
			children = (
				18CC089F24BB709300A13324 /* MoviesResponseStorage.swift */,
				18CC089B24BB6DDB00A13324 /* MoviesJSONDTO.swift */,
				18CC089D24BB6F8500A13324 /* JSONMoviesResponseStorage.swift */,
			);
			path = MoviesResponseStorage;
			sourceTree = "<group>";
		};
		18CC08A124BB735A00A13324 /* Configurations */ = {
			isa = PBXGroup;
			children = (
				18CC08A224BB735A00A13324 /* Constants.swift */,
				18CC08A324BB735A00A13324 /* Environment.swift */,
				18CC08A424BB735A00A13324 /* Secrets */,
				18CC08A524BB735A00A13324 /* Debug.xcconfig */,
				18CC08A624BB735A00A13324 /* Release.xcconfig */,
				18CC08A724BB735A00A13324 /* Base.xcconfig */,
			);
			path = Configurations;
			sourceTree = "<group>";
		};
		18CC08A424BB735A00A13324 /* Secrets */ = {
			isa = PBXGroup;
			children = (
			);
			path = Secrets;
			sourceTree = "<group>";
		};
		18F2559F24C1D5DB0020A9BD /* MoviesDetails */ = {
			isa = PBXGroup;
			children = (
				18F255AC24C1D97E0020A9BD /* Views */,
				18F255A924C1D7E30020A9BD /* ViewModel */,
			);
			path = MoviesDetails;
			sourceTree = "<group>";
		};
		18F255A524C1D69F0020A9BD /* Reusable */ = {
			isa = PBXGroup;
			children = (
				18F255A624C1D6A80020A9BD /* UIKit */,
			);
			path = Reusable;
			sourceTree = "<group>";
		};
		18F255A624C1D6A80020A9BD /* UIKit */ = {
			isa = PBXGroup;
			children = (
				18F255A724C1D6B30020A9BD /* NiblessViewController.swift */,
			);
			path = UIKit;
			sourceTree = "<group>";
		};
		18F255A924C1D7E30020A9BD /* ViewModel */ = {
			isa = PBXGroup;
			children = (
				18F255AA24C1D7F80020A9BD /* MoviesDetailsViewModel.swift */,
			);
			path = ViewModel;
			sourceTree = "<group>";
		};
		18F255AC24C1D97E0020A9BD /* Views */ = {
			isa = PBXGroup;
			children = (
				18F255AD24C1D9850020A9BD /* Cells */,
				18F255A024C1D6680020A9BD /* MoviesDetailsViewController.swift */,
			);
			path = Views;
			sourceTree = "<group>";
		};
		18F255AD24C1D9850020A9BD /* Cells */ = {
			isa = PBXGroup;
			children = (
				18F255AE24C1D9A70020A9BD /* MoviesDetailsHeaderCollectionViewCell.swift */,
				18F255AF24C1D9A70020A9BD /* MoviesDetailsHeaderCollectionViewCell.xib */,
			);
			path = Cells;
			sourceTree = "<group>";
		};
/* End PBXGroup section */

/* Begin PBXNativeTarget section */
		18B0B1F72489729300DF800B /* DecadeOfMovies */ = {
			isa = PBXNativeTarget;
			buildConfigurationList = 18B0B20C2489729600DF800B /* Build configuration list for PBXNativeTarget "DecadeOfMovies" */;
			buildPhases = (
				18B0B278248988E200DF800B /* Swiftlint */,
				18B0B277248988D500DF800B /* Swiftgen */,
				18B0B1F42489729300DF800B /* Sources */,
				18B0B1F52489729300DF800B /* Frameworks */,
				18B0B1F62489729300DF800B /* Resources */,
				1893A46F248B151400EB063A /* Embed Frameworks */,
			);
			buildRules = (
			);
			dependencies = (
			);
			name = DecadeOfMovies;
			packageProductDependencies = (
				1893A46C248B151400EB063A /* KingfisherDynamic */,
				18777EE1248C0F4D00A4CA60 /* Moya */,
				18777F44248C30B500A4CA60 /* Toast */,
				18500E3524BCEAD9006C1F35 /* Cosmos */,
			);
			productName = Offers;
			productReference = 18B0B1F82489729300DF800B /* DecadeOfMovies.app */;
			productType = "com.apple.product-type.application";
		};
/* End PBXNativeTarget section */

/* Begin PBXProject section */
		18B0B1F02489729300DF800B /* Project object */ = {
			isa = PBXProject;
			attributes = {
				LastSwiftUpdateCheck = 1150;
				LastUpgradeCheck = 1150;
				ORGANIZATIONNAME = "Bassem Abbas";
				TargetAttributes = {
					18B0B1F72489729300DF800B = {
						CreatedOnToolsVersion = 11.5;
					};
				};
			};
			buildConfigurationList = 18B0B1F32489729300DF800B /* Build configuration list for PBXProject "DecadeOfMovies" */;
			compatibilityVersion = "Xcode 11.0";
			developmentRegion = en;
			hasScannedForEncodings = 0;
			knownRegions = (
				en,
				Base,
				ar,
			);
			mainGroup = 18B0B1EF2489729300DF800B;
			packageReferences = (
				1893A46B248B151400EB063A /* XCRemoteSwiftPackageReference "Kingfisher" */,
				18777EE0248C0F4D00A4CA60 /* XCRemoteSwiftPackageReference "Moya" */,
				18777F43248C30B500A4CA60 /* XCRemoteSwiftPackageReference "Toast-Swift" */,
				18500E3424BCEAD9006C1F35 /* XCRemoteSwiftPackageReference "Cosmos" */,
			);
			productRefGroup = 18B0B1F92489729300DF800B /* Products */;
			projectDirPath = "";
			projectRoot = "";
			targets = (
				18B0B1F72489729300DF800B /* DecadeOfMovies */,
			);
		};
/* End PBXProject section */

/* Begin PBXResourcesBuildPhase section */
		18B0B1F62489729300DF800B /* Resources */ = {
			isa = PBXResourcesBuildPhase;
			buildActionMask = 2147483647;
			files = (
				18B0B28B2489BEFA00DF800B /* SF-Pro-Text-Light.otf in Resources */,
				18B0B2812489BEF200DF800B /* EnglishStyle.plist in Resources */,
				18B0B276248984C300DF800B /* LaunchScreen.storyboard in Resources */,
				18B0B2B42489D2DB00DF800B /* Apercu Bold.otf in Resources */,
				18B0B22624897CF900DF800B /* Colors.xcassets in Resources */,
				18B0B22724897CF900DF800B /* Images.xcassets in Resources */,
				18CC087E24BB134A00A13324 /* MovieCell.xib in Resources */,
				18777F4E248C32D800A4CA60 /* NoInternetView.xib in Resources */,
				18CC08AA24BB735A00A13324 /* Debug.xcconfig in Resources */,
				18B0B2882489BEFA00DF800B /* SF-Pro-Text-Semibold.otf in Resources */,
				18B0B28C2489BEFA00DF800B /* SF-Pro-Text-Regular.otf in Resources */,
				18B0B26424897EBC00DF800B /* Localizable.strings in Resources */,
				18B0B28A2489BEFA00DF800B /* SF-Pro-Text-Bold.otf in Resources */,
				18B0B28D2489BEFA00DF800B /* SF-Pro-Text-Thin.otf in Resources */,
				18B0B25D24897E7F00DF800B /* SplashViewController.xib in Resources */,
				18CC08AB24BB735A00A13324 /* Release.xcconfig in Resources */,
				18CC087324BB0F3600A13324 /* movies.json in Resources */,
				18B0B2892489BEFA00DF800B /* SF-Pro-Text-Medium.otf in Resources */,
				18F255B124C1D9A70020A9BD /* MoviesDetailsHeaderCollectionViewCell.xib in Resources */,
				184FE15124BB00230094F2A0 /* MoviesListViewController.xib in Resources */,
				18CC08AC24BB735A00A13324 /* Base.xcconfig in Resources */,
			);
			runOnlyForDeploymentPostprocessing = 0;
		};
/* End PBXResourcesBuildPhase section */

/* Begin PBXShellScriptBuildPhase section */
		18B0B277248988D500DF800B /* Swiftgen */ = {
			isa = PBXShellScriptBuildPhase;
			buildActionMask = 2147483647;
			files = (
			);
			inputFileListPaths = (
			);
			inputPaths = (
			);
			name = Swiftgen;
			outputFileListPaths = (
			);
			outputPaths = (
			);
			runOnlyForDeploymentPostprocessing = 0;
			shellPath = /bin/sh;
			shellScript = "if which swiftgen >/dev/null; then\nswiftgen \nelse\necho \"error: swiftgen not installed, run setup.sh script or download from https://github.com/SwiftGen/SwiftGen\"\nfi\n";
		};
		18B0B278248988E200DF800B /* Swiftlint */ = {
			isa = PBXShellScriptBuildPhase;
			buildActionMask = 2147483647;
			files = (
			);
			inputFileListPaths = (
			);
			inputPaths = (
			);
			name = Swiftlint;
			outputFileListPaths = (
			);
			outputPaths = (
			);
			runOnlyForDeploymentPostprocessing = 0;
			shellPath = /bin/sh;
			shellScript = "if which swiftlint >/dev/null; then\nswiftlint \nelse\necho \"error: SwiftLint not installed, run setup.sh script or download from https://github.com/realm/SwiftLint\"\nfi\n";
		};
/* End PBXShellScriptBuildPhase section */

/* Begin PBXSourcesBuildPhase section */
		18B0B1F42489729300DF800B /* Sources */ = {
			isa = PBXSourcesBuildPhase;
			buildActionMask = 2147483647;
			files = (
				18500E2E24BCDFAB006C1F35 /* AppCoordinator.swift in Sources */,
				18B0B25124897E6300DF800B /* UIWindow+Transition.swift in Sources */,
				18CC087124BB0D5000A13324 /* Bundle+Decodable.swift in Sources */,
				18777F3A248C15D500A4CA60 /* StaticHeaderPlugin.swift in Sources */,
				18A9D0DD24C1DD120078DA89 /* ListMoviesDataSource.swift in Sources */,
				18B0B23524897DCC00DF800B /* AppManager.swift in Sources */,
				18B0B25324897E6300DF800B /* UICollecttionViewCell+Reusable.swift in Sources */,
				184FE15024BB00230094F2A0 /* MoviesListViewController.swift in Sources */,
				18CC089C24BB6DDB00A13324 /* MoviesJSONDTO.swift in Sources */,
				184FE15424BB0A460094F2A0 /* SimpleObservable.swift in Sources */,
				18A9D0DB24C1DCFA0078DA89 /* SearchMoviesDataSource.swift in Sources */,
				18CC087724BB0F7900A13324 /* Movie.swift in Sources */,
				18B0B2D92489D94400DF800B /* Assets.swift in Sources */,
				18500E3124BCE06D006C1F35 /* Navigator.swift in Sources */,
				18B0B24824897E3D00DF800B /* BaseViewProtocol.swift in Sources */,
				18CC08A824BB735A00A13324 /* Constants.swift in Sources */,
				1814D40B248C5058004420DE /* Fonts.swift in Sources */,
				18CC088E24BB6A7900A13324 /* MoviesListUseCase.swift in Sources */,
				18500E3324BCE0D2006C1F35 /* MoviesNavigator.swift in Sources */,
				18500E3A24BD0E10006C1F35 /* Dictionary.swift in Sources */,
				18777F3D248C15D500A4CA60 /* NetworkError.swift in Sources */,
				18CC08A024BB709300A13324 /* MoviesResponseStorage.swift in Sources */,
				18B0B2DB2489DCB000DF800B /* UIViewController.swift in Sources */,
				18B0B26B248980BA00DF800B /* UIImageView+Essentials.swift in Sources */,
				18CC087D24BB134A00A13324 /* MovieCell.swift in Sources */,
				18F255B024C1D9A70020A9BD /* MoviesDetailsHeaderCollectionViewCell.swift in Sources */,
				18B0B24724897E3D00DF800B /* BaseViewController.swift in Sources */,
				18B0B25424897E6300DF800B /* UIViewExtensions.swift in Sources */,
				18CC089E24BB6F8500A13324 /* JSONMoviesResponseStorage.swift in Sources */,
				18B0B25C24897E7F00DF800B /* SplashViewController.swift in Sources */,
				18F255A124C1D6680020A9BD /* MoviesDetailsViewController.swift in Sources */,
				18CC087924BB12F800A13324 /* UITableViewExtensions+SwifterSwift.swift in Sources */,
				18A9D0D824C1DBEB0078DA89 /* UICollectionViewExtensions+SwifterSwift.swift in Sources */,
				18B0B26C248980BA00DF800B /* UIImage+Essentials.swift in Sources */,
				18B0B2DD2489E03300DF800B /* NavigationBar+Appearance.swift in Sources */,
				18B0B24A24897E3D00DF800B /* AppNavigationController.swift in Sources */,
				18F255AB24C1D7F80020A9BD /* MoviesDetailsViewModel.swift in Sources */,
				18500E3824BD048F006C1F35 /* SearchMoviesUseCase.swift in Sources */,
				18777F3B248C15D500A4CA60 /* NetworkManager.swift in Sources */,
				18B0B26524897EBC00DF800B /* Localized.swift in Sources */,
				18777F4F248C32D800A4CA60 /* NoInternetView.swift in Sources */,
				18777F3C248C15D500A4CA60 /* NetworkDefaults.swift in Sources */,
				18F255A824C1D6B30020A9BD /* NiblessViewController.swift in Sources */,
				18B0B22A24897CF900DF800B /* AppDelegate.swift in Sources */,
				18B0B25224897E6300DF800B /* Result.swift in Sources */,
				18CC08A924BB735A00A13324 /* Environment.swift in Sources */,
				18B0B2702489827800DF800B /* Container.swift in Sources */,
				18CC089624BB6C8200A13324 /* DefaultMoviesRepository.swift in Sources */,
				18CC088824BB604100A13324 /* MoviesListViewModel.swift in Sources */,
				18B0B26624897EBC00DF800B /* Localized+Runtime.swift in Sources */,
				18B0B22B24897CF900DF800B /* SceneDelegate.swift in Sources */,
				18CC089424BB6B9F00A13324 /* MoviesRepository.swift in Sources */,
				18B0B27E2489BCA700DF800B /* ScaledFont.swift in Sources */,
				18CC088A24BB604F00A13324 /* MoviesListItemViewModel.swift in Sources */,
				1896D6BF248ABA4300E549BA /* UIColor+App.swift in Sources */,
			);
			runOnlyForDeploymentPostprocessing = 0;
		};
/* End PBXSourcesBuildPhase section */

/* Begin PBXVariantGroup section */
		18777F4A248C32D800A4CA60 /* NoInternetView.xib */ = {
			isa = PBXVariantGroup;
			children = (
				18777F4B248C32D800A4CA60 /* Base */,
			);
			name = NoInternetView.xib;
			sourceTree = "<group>";
		};
		18B0B26024897EBC00DF800B /* Localizable.strings */ = {
			isa = PBXVariantGroup;
			children = (
				18B0B26124897EBC00DF800B /* en */,
			);
			name = Localizable.strings;
			sourceTree = "<group>";
		};
/* End PBXVariantGroup section */

/* Begin XCBuildConfiguration section */
		18B0B20A2489729500DF800B /* Debug */ = {
			isa = XCBuildConfiguration;
			buildSettings = {
				ALWAYS_SEARCH_USER_PATHS = NO;
				CLANG_ANALYZER_NONNULL = YES;
				CLANG_ANALYZER_NUMBER_OBJECT_CONVERSION = YES_AGGRESSIVE;
				CLANG_CXX_LANGUAGE_STANDARD = "gnu++14";
				CLANG_CXX_LIBRARY = "libc++";
				CLANG_ENABLE_MODULES = YES;
				CLANG_ENABLE_OBJC_ARC = YES;
				CLANG_ENABLE_OBJC_WEAK = YES;
				CLANG_WARN_BLOCK_CAPTURE_AUTORELEASING = YES;
				CLANG_WARN_BOOL_CONVERSION = YES;
				CLANG_WARN_COMMA = YES;
				CLANG_WARN_CONSTANT_CONVERSION = YES;
				CLANG_WARN_DEPRECATED_OBJC_IMPLEMENTATIONS = YES;
				CLANG_WARN_DIRECT_OBJC_ISA_USAGE = YES_ERROR;
				CLANG_WARN_DOCUMENTATION_COMMENTS = YES;
				CLANG_WARN_EMPTY_BODY = YES;
				CLANG_WARN_ENUM_CONVERSION = YES;
				CLANG_WARN_INFINITE_RECURSION = YES;
				CLANG_WARN_INT_CONVERSION = YES;
				CLANG_WARN_NON_LITERAL_NULL_CONVERSION = YES;
				CLANG_WARN_OBJC_IMPLICIT_RETAIN_SELF = YES;
				CLANG_WARN_OBJC_LITERAL_CONVERSION = YES;
				CLANG_WARN_OBJC_ROOT_CLASS = YES_ERROR;
				CLANG_WARN_RANGE_LOOP_ANALYSIS = YES;
				CLANG_WARN_STRICT_PROTOTYPES = YES;
				CLANG_WARN_SUSPICIOUS_MOVE = YES;
				CLANG_WARN_UNGUARDED_AVAILABILITY = YES_AGGRESSIVE;
				CLANG_WARN_UNREACHABLE_CODE = YES;
				CLANG_WARN__DUPLICATE_METHOD_MATCH = YES;
				COPY_PHASE_STRIP = NO;
				DEBUG_INFORMATION_FORMAT = dwarf;
				ENABLE_STRICT_OBJC_MSGSEND = YES;
				ENABLE_TESTABILITY = YES;
				GCC_C_LANGUAGE_STANDARD = gnu11;
				GCC_DYNAMIC_NO_PIC = NO;
				GCC_NO_COMMON_BLOCKS = YES;
				GCC_OPTIMIZATION_LEVEL = 0;
				GCC_PREPROCESSOR_DEFINITIONS = (
					"DEBUG=1",
					"$(inherited)",
				);
				GCC_WARN_64_TO_32_BIT_CONVERSION = YES;
				GCC_WARN_ABOUT_RETURN_TYPE = YES_ERROR;
				GCC_WARN_UNDECLARED_SELECTOR = YES;
				GCC_WARN_UNINITIALIZED_AUTOS = YES_AGGRESSIVE;
				GCC_WARN_UNUSED_FUNCTION = YES;
				GCC_WARN_UNUSED_VARIABLE = YES;
				IPHONEOS_DEPLOYMENT_TARGET = 10.0;
				MTL_ENABLE_DEBUG_INFO = INCLUDE_SOURCE;
				MTL_FAST_MATH = YES;
				ONLY_ACTIVE_ARCH = YES;
				SDKROOT = iphoneos;
				SWIFT_ACTIVE_COMPILATION_CONDITIONS = DEBUG;
				SWIFT_OPTIMIZATION_LEVEL = "-Onone";
			};
			name = Debug;
		};
		18B0B20B2489729600DF800B /* Release */ = {
			isa = XCBuildConfiguration;
			buildSettings = {
				ALWAYS_SEARCH_USER_PATHS = NO;
				CLANG_ANALYZER_NONNULL = YES;
				CLANG_ANALYZER_NUMBER_OBJECT_CONVERSION = YES_AGGRESSIVE;
				CLANG_CXX_LANGUAGE_STANDARD = "gnu++14";
				CLANG_CXX_LIBRARY = "libc++";
				CLANG_ENABLE_MODULES = YES;
				CLANG_ENABLE_OBJC_ARC = YES;
				CLANG_ENABLE_OBJC_WEAK = YES;
				CLANG_WARN_BLOCK_CAPTURE_AUTORELEASING = YES;
				CLANG_WARN_BOOL_CONVERSION = YES;
				CLANG_WARN_COMMA = YES;
				CLANG_WARN_CONSTANT_CONVERSION = YES;
				CLANG_WARN_DEPRECATED_OBJC_IMPLEMENTATIONS = YES;
				CLANG_WARN_DIRECT_OBJC_ISA_USAGE = YES_ERROR;
				CLANG_WARN_DOCUMENTATION_COMMENTS = YES;
				CLANG_WARN_EMPTY_BODY = YES;
				CLANG_WARN_ENUM_CONVERSION = YES;
				CLANG_WARN_INFINITE_RECURSION = YES;
				CLANG_WARN_INT_CONVERSION = YES;
				CLANG_WARN_NON_LITERAL_NULL_CONVERSION = YES;
				CLANG_WARN_OBJC_IMPLICIT_RETAIN_SELF = YES;
				CLANG_WARN_OBJC_LITERAL_CONVERSION = YES;
				CLANG_WARN_OBJC_ROOT_CLASS = YES_ERROR;
				CLANG_WARN_RANGE_LOOP_ANALYSIS = YES;
				CLANG_WARN_STRICT_PROTOTYPES = YES;
				CLANG_WARN_SUSPICIOUS_MOVE = YES;
				CLANG_WARN_UNGUARDED_AVAILABILITY = YES_AGGRESSIVE;
				CLANG_WARN_UNREACHABLE_CODE = YES;
				CLANG_WARN__DUPLICATE_METHOD_MATCH = YES;
				COPY_PHASE_STRIP = NO;
				DEBUG_INFORMATION_FORMAT = "dwarf-with-dsym";
				ENABLE_NS_ASSERTIONS = NO;
				ENABLE_STRICT_OBJC_MSGSEND = YES;
				GCC_C_LANGUAGE_STANDARD = gnu11;
				GCC_NO_COMMON_BLOCKS = YES;
				GCC_WARN_64_TO_32_BIT_CONVERSION = YES;
				GCC_WARN_ABOUT_RETURN_TYPE = YES_ERROR;
				GCC_WARN_UNDECLARED_SELECTOR = YES;
				GCC_WARN_UNINITIALIZED_AUTOS = YES_AGGRESSIVE;
				GCC_WARN_UNUSED_FUNCTION = YES;
				GCC_WARN_UNUSED_VARIABLE = YES;
				IPHONEOS_DEPLOYMENT_TARGET = 10.0;
				MTL_ENABLE_DEBUG_INFO = NO;
				MTL_FAST_MATH = YES;
				SDKROOT = iphoneos;
				SWIFT_COMPILATION_MODE = wholemodule;
				SWIFT_OPTIMIZATION_LEVEL = "-O";
				VALIDATE_PRODUCT = YES;
			};
			name = Release;
		};
		18B0B20D2489729600DF800B /* Debug */ = {
			isa = XCBuildConfiguration;
			buildSettings = {
				ASSETCATALOG_COMPILER_APPICON_NAME = "$(APP_ICON)";
				CODE_SIGN_STYLE = Automatic;
				DEVELOPMENT_TEAM = "";
				INFOPLIST_FILE = "$(SRCROOT)/DecadeOfMovies/SupportingFiles/Info.plist";
				IPHONEOS_DEPLOYMENT_TARGET = 10.0;
				LD_RUNPATH_SEARCH_PATHS = (
					"$(inherited)",
					"@executable_path/Frameworks",
				);
				MARKETING_VERSION = 0.1;
				PRODUCT_BUNDLE_IDENTIFIER = app.decadeofmovies;
				PRODUCT_NAME = "$(TARGET_NAME)";
				SWIFT_VERSION = 5.0;
				TARGETED_DEVICE_FAMILY = 1;
			};
			name = Debug;
		};
		18B0B20E2489729600DF800B /* Release */ = {
			isa = XCBuildConfiguration;
			buildSettings = {
				ASSETCATALOG_COMPILER_APPICON_NAME = "$(APP_ICON)";
				CODE_SIGN_STYLE = Automatic;
				DEVELOPMENT_TEAM = "";
				INFOPLIST_FILE = "$(SRCROOT)/DecadeOfMovies/SupportingFiles/Info.plist";
				IPHONEOS_DEPLOYMENT_TARGET = 10.0;
				LD_RUNPATH_SEARCH_PATHS = (
					"$(inherited)",
					"@executable_path/Frameworks",
				);
				MARKETING_VERSION = 0.1;
				PRODUCT_BUNDLE_IDENTIFIER = app.decadeofmovies;
				PRODUCT_NAME = "$(TARGET_NAME)";
				SWIFT_VERSION = 5.0;
				TARGETED_DEVICE_FAMILY = 1;
			};
			name = Release;
		};
/* End XCBuildConfiguration section */

/* Begin XCConfigurationList section */
		18B0B1F32489729300DF800B /* Build configuration list for PBXProject "DecadeOfMovies" */ = {
			isa = XCConfigurationList;
			buildConfigurations = (
				18B0B20A2489729500DF800B /* Debug */,
				18B0B20B2489729600DF800B /* Release */,
			);
			defaultConfigurationIsVisible = 0;
			defaultConfigurationName = Release;
		};
		18B0B20C2489729600DF800B /* Build configuration list for PBXNativeTarget "DecadeOfMovies" */ = {
			isa = XCConfigurationList;
			buildConfigurations = (
				18B0B20D2489729600DF800B /* Debug */,
				18B0B20E2489729600DF800B /* Release */,
			);
			defaultConfigurationIsVisible = 0;
			defaultConfigurationName = Release;
		};
/* End XCConfigurationList section */

/* Begin XCRemoteSwiftPackageReference section */
		18500E3424BCEAD9006C1F35 /* XCRemoteSwiftPackageReference "Cosmos" */ = {
			isa = XCRemoteSwiftPackageReference;
			repositoryURL = "https://github.com/evgenyneu/Cosmos.git";
			requirement = {
				kind = upToNextMajorVersion;
				minimumVersion = 22.1.0;
			};
		};
		18777EE0248C0F4D00A4CA60 /* XCRemoteSwiftPackageReference "Moya" */ = {
			isa = XCRemoteSwiftPackageReference;
			repositoryURL = "https://github.com/Moya/Moya";
			requirement = {
				kind = upToNextMajorVersion;
				minimumVersion = 14.0.0;
			};
		};
		18777F43248C30B500A4CA60 /* XCRemoteSwiftPackageReference "Toast-Swift" */ = {
			isa = XCRemoteSwiftPackageReference;
			repositoryURL = "https://github.com/scalessec/Toast-Swift";
			requirement = {
				kind = upToNextMajorVersion;
				minimumVersion = 5.0.1;
			};
		};
		1893A46B248B151400EB063A /* XCRemoteSwiftPackageReference "Kingfisher" */ = {
			isa = XCRemoteSwiftPackageReference;
			repositoryURL = "https://github.com/onevcat/Kingfisher.git";
			requirement = {
				kind = upToNextMajorVersion;
				minimumVersion = 5.14.0;
			};
		};
/* End XCRemoteSwiftPackageReference section */

/* Begin XCSwiftPackageProductDependency section */
		18500E3524BCEAD9006C1F35 /* Cosmos */ = {
			isa = XCSwiftPackageProductDependency;
			package = 18500E3424BCEAD9006C1F35 /* XCRemoteSwiftPackageReference "Cosmos" */;
			productName = Cosmos;
		};
		18777EE1248C0F4D00A4CA60 /* Moya */ = {
			isa = XCSwiftPackageProductDependency;
			package = 18777EE0248C0F4D00A4CA60 /* XCRemoteSwiftPackageReference "Moya" */;
			productName = Moya;
		};
		18777F44248C30B500A4CA60 /* Toast */ = {
			isa = XCSwiftPackageProductDependency;
			package = 18777F43248C30B500A4CA60 /* XCRemoteSwiftPackageReference "Toast-Swift" */;
			productName = Toast;
		};
		1893A46C248B151400EB063A /* KingfisherDynamic */ = {
			isa = XCSwiftPackageProductDependency;
			package = 1893A46B248B151400EB063A /* XCRemoteSwiftPackageReference "Kingfisher" */;
			productName = KingfisherDynamic;
		};
/* End XCSwiftPackageProductDependency section */
	};
	rootObject = 18B0B1F02489729300DF800B /* Project object */;
}
